// !$*UTF8*$!
{
	archiveVersion = 1;
	classes = {
	};
	objectVersion = 46;
	objects = {

/* Begin PBXBuildFile section */
		631B28E917761BA2007ED537 /* UIKit.framework in Frameworks */ = {isa = PBXBuildFile; fileRef = 631B28E817761BA2007ED537 /* UIKit.framework */; };
		631B28EB17761BA2007ED537 /* Foundation.framework in Frameworks */ = {isa = PBXBuildFile; fileRef = 631B28EA17761BA2007ED537 /* Foundation.framework */; };
		631B28ED17761BA2007ED537 /* CoreGraphics.framework in Frameworks */ = {isa = PBXBuildFile; fileRef = 631B28EC17761BA2007ED537 /* CoreGraphics.framework */; };
		631B28F317761BA2007ED537 /* InfoPlist.strings in Resources */ = {isa = PBXBuildFile; fileRef = 631B28F117761BA2007ED537 /* InfoPlist.strings */; };
		631B28F517761BA2007ED537 /* main.m in Sources */ = {isa = PBXBuildFile; fileRef = 631B28F417761BA2007ED537 /* main.m */; };
		631B28F917761BA2007ED537 /* MSDAppDelegate.m in Sources */ = {isa = PBXBuildFile; fileRef = 631B28F817761BA2007ED537 /* MSDAppDelegate.m */; };
		631B28FB17761BA2007ED537 /* Default.png in Resources */ = {isa = PBXBuildFile; fileRef = 631B28FA17761BA2007ED537 /* Default.png */; };
		631B28FD17761BA2007ED537 /* Default@2x.png in Resources */ = {isa = PBXBuildFile; fileRef = 631B28FC17761BA2007ED537 /* Default@2x.png */; };
		631B28FF17761BA2007ED537 /* Default-568h@2x.png in Resources */ = {isa = PBXBuildFile; fileRef = 631B28FE17761BA2007ED537 /* Default-568h@2x.png */; };
		631B290217761BA2007ED537 /* MainStoryboard_iPhone.storyboard in Resources */ = {isa = PBXBuildFile; fileRef = 631B290017761BA2007ED537 /* MainStoryboard_iPhone.storyboard */; };
		631B290517761BA2007ED537 /* MainStoryboard_iPad.storyboard in Resources */ = {isa = PBXBuildFile; fileRef = 631B290317761BA2007ED537 /* MainStoryboard_iPad.storyboard */; };
		631B290A17761BA2007ED537 /* first.png in Resources */ = {isa = PBXBuildFile; fileRef = 631B290917761BA2007ED537 /* first.png */; };
		631B290C17761BA2007ED537 /* first@2x.png in Resources */ = {isa = PBXBuildFile; fileRef = 631B290B17761BA2007ED537 /* first@2x.png */; };
		631B290F17761BA2007ED537 /* MSDSecondViewController.m in Sources */ = {isa = PBXBuildFile; fileRef = 631B290E17761BA2007ED537 /* MSDSecondViewController.m */; };
		631B291117761BA2007ED537 /* second.png in Resources */ = {isa = PBXBuildFile; fileRef = 631B291017761BA2007ED537 /* second.png */; };
		631B291317761BA2007ED537 /* second@2x.png in Resources */ = {isa = PBXBuildFile; fileRef = 631B291217761BA2007ED537 /* second@2x.png */; };
		631B291B17761BA2007ED537 /* SenTestingKit.framework in Frameworks */ = {isa = PBXBuildFile; fileRef = 631B291A17761BA2007ED537 /* SenTestingKit.framework */; };
		631B291C17761BA2007ED537 /* UIKit.framework in Frameworks */ = {isa = PBXBuildFile; fileRef = 631B28E817761BA2007ED537 /* UIKit.framework */; };
		631B291D17761BA2007ED537 /* Foundation.framework in Frameworks */ = {isa = PBXBuildFile; fileRef = 631B28EA17761BA2007ED537 /* Foundation.framework */; };
		631B292517761BA2007ED537 /* InfoPlist.strings in Resources */ = {isa = PBXBuildFile; fileRef = 631B292317761BA2007ED537 /* InfoPlist.strings */; };
		631B292817761BA2007ED537 /* GoalsetterTests.m in Sources */ = {isa = PBXBuildFile; fileRef = 631B292717761BA2007ED537 /* GoalsetterTests.m */; };
		63896A8F177925A80031439B /* MSDGoalsViewController.m in Sources */ = {isa = PBXBuildFile; fileRef = 63896A8E177925A80031439B /* MSDGoalsViewController.m */; };
		63DFB29B17761DD200E311BD /* NSObject+SBJson.m in Sources */ = {isa = PBXBuildFile; fileRef = 63DFB26B17761DD200E311BD /* NSObject+SBJson.m */; };
		63DFB29C17761DD200E311BD /* SBJsonParser.m in Sources */ = {isa = PBXBuildFile; fileRef = 63DFB26E17761DD200E311BD /* SBJsonParser.m */; };
		63DFB29D17761DD200E311BD /* SBJsonStreamParser.m in Sources */ = {isa = PBXBuildFile; fileRef = 63DFB27017761DD200E311BD /* SBJsonStreamParser.m */; };
		63DFB29E17761DD200E311BD /* SBJsonStreamParserAccumulator.m in Sources */ = {isa = PBXBuildFile; fileRef = 63DFB27217761DD200E311BD /* SBJsonStreamParserAccumulator.m */; };
		63DFB29F17761DD200E311BD /* SBJsonStreamParserAdapter.m in Sources */ = {isa = PBXBuildFile; fileRef = 63DFB27417761DD200E311BD /* SBJsonStreamParserAdapter.m */; };
		63DFB2A017761DD200E311BD /* SBJsonStreamParserState.m in Sources */ = {isa = PBXBuildFile; fileRef = 63DFB27617761DD200E311BD /* SBJsonStreamParserState.m */; };
		63DFB2A117761DD200E311BD /* SBJsonStreamWriter.m in Sources */ = {isa = PBXBuildFile; fileRef = 63DFB27817761DD200E311BD /* SBJsonStreamWriter.m */; };
		63DFB2A217761DD200E311BD /* SBJsonStreamWriterAccumulator.m in Sources */ = {isa = PBXBuildFile; fileRef = 63DFB27A17761DD200E311BD /* SBJsonStreamWriterAccumulator.m */; };
		63DFB2A317761DD200E311BD /* SBJsonStreamWriterState.m in Sources */ = {isa = PBXBuildFile; fileRef = 63DFB27C17761DD200E311BD /* SBJsonStreamWriterState.m */; };
		63DFB2A417761DD200E311BD /* SBJsonTokeniser.m in Sources */ = {isa = PBXBuildFile; fileRef = 63DFB27E17761DD200E311BD /* SBJsonTokeniser.m */; };
		63DFB2A517761DD200E311BD /* SBJsonUTF8Stream.m in Sources */ = {isa = PBXBuildFile; fileRef = 63DFB28017761DD200E311BD /* SBJsonUTF8Stream.m */; };
		63DFB2A617761DD200E311BD /* SBJsonWriter.m in Sources */ = {isa = PBXBuildFile; fileRef = 63DFB28217761DD200E311BD /* SBJsonWriter.m */; };
		63DFB2A717761DD200E311BD /* UGActivity.m in Sources */ = {isa = PBXBuildFile; fileRef = 63DFB28417761DD200E311BD /* UGActivity.m */; };
		63DFB2A817761DD200E311BD /* UGClient.m in Sources */ = {isa = PBXBuildFile; fileRef = 63DFB28617761DD200E311BD /* UGClient.m */; };
		63DFB2A917761DD200E311BD /* UGClientResponse.m in Sources */ = {isa = PBXBuildFile; fileRef = 63DFB28917761DD200E311BD /* UGClientResponse.m */; };
		63DFB2AA17761DD200E311BD /* UGHTTPManager.m in Sources */ = {isa = PBXBuildFile; fileRef = 63DFB28B17761DD200E311BD /* UGHTTPManager.m */; };
		63DFB2AB17761DD200E311BD /* UGMultiStepAction.m in Sources */ = {isa = PBXBuildFile; fileRef = 63DFB28D17761DD200E311BD /* UGMultiStepAction.m */; };
		63DFB2AC17761DD200E311BD /* UGQuery.m in Sources */ = {isa = PBXBuildFile; fileRef = 63DFB28F17761DD200E311BD /* UGQuery.m */; };
		63DFB2AD17761DD200E311BD /* UGUser.m in Sources */ = {isa = PBXBuildFile; fileRef = 63DFB29117761DD200E311BD /* UGUser.m */; };
		63DFB2AE17761DD200E311BD /* UGConnection.m in Sources */ = {isa = PBXBuildFile; fileRef = 63DFB29417761DD200E311BD /* UGConnection.m */; };
		63DFB2AF17761DD200E311BD /* UGHTTPClient.m in Sources */ = {isa = PBXBuildFile; fileRef = 63DFB29617761DD200E311BD /* UGHTTPClient.m */; };
		63DFB2B017761DD200E311BD /* UGHTTPHelpers.m in Sources */ = {isa = PBXBuildFile; fileRef = 63DFB29817761DD200E311BD /* UGHTTPHelpers.m */; };
		63DFB2B117761DD200E311BD /* UGHTTPResult.m in Sources */ = {isa = PBXBuildFile; fileRef = 63DFB29A17761DD200E311BD /* UGHTTPResult.m */; };
		63DFB2B717762A5400E311BD /* MSDLoginViewController.m in Sources */ = {isa = PBXBuildFile; fileRef = 63DFB2B617762A5400E311BD /* MSDLoginViewController.m */; };
		63DFB2BA17762A6200E311BD /* MSDSignUpViewController.m in Sources */ = {isa = PBXBuildFile; fileRef = 63DFB2B917762A6200E311BD /* MSDSignUpViewController.m */; };
/* End PBXBuildFile section */

/* Begin PBXContainerItemProxy section */
		631B291E17761BA2007ED537 /* PBXContainerItemProxy */ = {
			isa = PBXContainerItemProxy;
			containerPortal = 631B28DD17761BA2007ED537 /* Project object */;
			proxyType = 1;
			remoteGlobalIDString = 631B28E417761BA2007ED537;
			remoteInfo = Goalsetter;
		};
/* End PBXContainerItemProxy section */

/* Begin PBXFileReference section */
		631B28E517761BA2007ED537 /* Goalsetter.app */ = {isa = PBXFileReference; explicitFileType = wrapper.application; includeInIndex = 0; path = Goalsetter.app; sourceTree = BUILT_PRODUCTS_DIR; };
		631B28E817761BA2007ED537 /* UIKit.framework */ = {isa = PBXFileReference; lastKnownFileType = wrapper.framework; name = UIKit.framework; path = System/Library/Frameworks/UIKit.framework; sourceTree = SDKROOT; };
		631B28EA17761BA2007ED537 /* Foundation.framework */ = {isa = PBXFileReference; lastKnownFileType = wrapper.framework; name = Foundation.framework; path = System/Library/Frameworks/Foundation.framework; sourceTree = SDKROOT; };
		631B28EC17761BA2007ED537 /* CoreGraphics.framework */ = {isa = PBXFileReference; lastKnownFileType = wrapper.framework; name = CoreGraphics.framework; path = System/Library/Frameworks/CoreGraphics.framework; sourceTree = SDKROOT; };
		631B28F017761BA2007ED537 /* Goalsetter-Info.plist */ = {isa = PBXFileReference; lastKnownFileType = text.plist.xml; path = "Goalsetter-Info.plist"; sourceTree = "<group>"; };
		631B28F217761BA2007ED537 /* en */ = {isa = PBXFileReference; lastKnownFileType = text.plist.strings; name = en; path = en.lproj/InfoPlist.strings; sourceTree = "<group>"; };
		631B28F417761BA2007ED537 /* main.m */ = {isa = PBXFileReference; lastKnownFileType = sourcecode.c.objc; path = main.m; sourceTree = "<group>"; };
		631B28F617761BA2007ED537 /* Goalsetter-Prefix.pch */ = {isa = PBXFileReference; lastKnownFileType = sourcecode.c.h; path = "Goalsetter-Prefix.pch"; sourceTree = "<group>"; };
		631B28F717761BA2007ED537 /* MSDAppDelegate.h */ = {isa = PBXFileReference; lastKnownFileType = sourcecode.c.h; path = MSDAppDelegate.h; sourceTree = "<group>"; };
		631B28F817761BA2007ED537 /* MSDAppDelegate.m */ = {isa = PBXFileReference; lastKnownFileType = sourcecode.c.objc; path = MSDAppDelegate.m; sourceTree = "<group>"; };
		631B28FA17761BA2007ED537 /* Default.png */ = {isa = PBXFileReference; lastKnownFileType = image.png; path = Default.png; sourceTree = "<group>"; };
		631B28FC17761BA2007ED537 /* Default@2x.png */ = {isa = PBXFileReference; lastKnownFileType = image.png; path = "Default@2x.png"; sourceTree = "<group>"; };
		631B28FE17761BA2007ED537 /* Default-568h@2x.png */ = {isa = PBXFileReference; lastKnownFileType = image.png; path = "Default-568h@2x.png"; sourceTree = "<group>"; };
		631B290117761BA2007ED537 /* en */ = {isa = PBXFileReference; lastKnownFileType = file.storyboard; name = en; path = en.lproj/MainStoryboard_iPhone.storyboard; sourceTree = "<group>"; };
		631B290417761BA2007ED537 /* en */ = {isa = PBXFileReference; lastKnownFileType = file.storyboard; name = en; path = en.lproj/MainStoryboard_iPad.storyboard; sourceTree = "<group>"; };
		631B290917761BA2007ED537 /* first.png */ = {isa = PBXFileReference; lastKnownFileType = image.png; path = first.png; sourceTree = "<group>"; };
		631B290B17761BA2007ED537 /* first@2x.png */ = {isa = PBXFileReference; lastKnownFileType = image.png; path = "first@2x.png"; sourceTree = "<group>"; };
		631B290D17761BA2007ED537 /* MSDSecondViewController.h */ = {isa = PBXFileReference; lastKnownFileType = sourcecode.c.h; path = MSDSecondViewController.h; sourceTree = "<group>"; };
		631B290E17761BA2007ED537 /* MSDSecondViewController.m */ = {isa = PBXFileReference; lastKnownFileType = sourcecode.c.objc; path = MSDSecondViewController.m; sourceTree = "<group>"; };
		631B291017761BA2007ED537 /* second.png */ = {isa = PBXFileReference; lastKnownFileType = image.png; path = second.png; sourceTree = "<group>"; };
		631B291217761BA2007ED537 /* second@2x.png */ = {isa = PBXFileReference; lastKnownFileType = image.png; path = "second@2x.png"; sourceTree = "<group>"; };
		631B291917761BA2007ED537 /* GoalsetterTests.octest */ = {isa = PBXFileReference; explicitFileType = wrapper.cfbundle; includeInIndex = 0; path = GoalsetterTests.octest; sourceTree = BUILT_PRODUCTS_DIR; };
		631B291A17761BA2007ED537 /* SenTestingKit.framework */ = {isa = PBXFileReference; lastKnownFileType = wrapper.framework; name = SenTestingKit.framework; path = Library/Frameworks/SenTestingKit.framework; sourceTree = DEVELOPER_DIR; };
		631B292217761BA2007ED537 /* GoalsetterTests-Info.plist */ = {isa = PBXFileReference; lastKnownFileType = text.plist.xml; path = "GoalsetterTests-Info.plist"; sourceTree = "<group>"; };
		631B292417761BA2007ED537 /* en */ = {isa = PBXFileReference; lastKnownFileType = text.plist.strings; name = en; path = en.lproj/InfoPlist.strings; sourceTree = "<group>"; };
		631B292617761BA2007ED537 /* GoalsetterTests.h */ = {isa = PBXFileReference; lastKnownFileType = sourcecode.c.h; path = GoalsetterTests.h; sourceTree = "<group>"; };
		631B292717761BA2007ED537 /* GoalsetterTests.m */ = {isa = PBXFileReference; lastKnownFileType = sourcecode.c.objc; path = GoalsetterTests.m; sourceTree = "<group>"; };
		63896A8D177925A80031439B /* MSDGoalsViewController.h */ = {isa = PBXFileReference; fileEncoding = 4; lastKnownFileType = sourcecode.c.h; path = MSDGoalsViewController.h; sourceTree = "<group>"; };
		63896A8E177925A80031439B /* MSDGoalsViewController.m */ = {isa = PBXFileReference; fileEncoding = 4; lastKnownFileType = sourcecode.c.objc; path = MSDGoalsViewController.m; sourceTree = "<group>"; };
		63DFB26A17761DD200E311BD /* NSObject+SBJson.h */ = {isa = PBXFileReference; fileEncoding = 4; lastKnownFileType = sourcecode.c.h; path = "NSObject+SBJson.h"; sourceTree = "<group>"; };
		63DFB26B17761DD200E311BD /* NSObject+SBJson.m */ = {isa = PBXFileReference; fileEncoding = 4; lastKnownFileType = sourcecode.c.objc; path = "NSObject+SBJson.m"; sourceTree = "<group>"; };
		63DFB26C17761DD200E311BD /* SBJson.h */ = {isa = PBXFileReference; fileEncoding = 4; lastKnownFileType = sourcecode.c.h; path = SBJson.h; sourceTree = "<group>"; };
		63DFB26D17761DD200E311BD /* SBJsonParser.h */ = {isa = PBXFileReference; fileEncoding = 4; lastKnownFileType = sourcecode.c.h; path = SBJsonParser.h; sourceTree = "<group>"; };
		63DFB26E17761DD200E311BD /* SBJsonParser.m */ = {isa = PBXFileReference; fileEncoding = 4; lastKnownFileType = sourcecode.c.objc; path = SBJsonParser.m; sourceTree = "<group>"; };
		63DFB26F17761DD200E311BD /* SBJsonStreamParser.h */ = {isa = PBXFileReference; fileEncoding = 4; lastKnownFileType = sourcecode.c.h; path = SBJsonStreamParser.h; sourceTree = "<group>"; };
		63DFB27017761DD200E311BD /* SBJsonStreamParser.m */ = {isa = PBXFileReference; fileEncoding = 4; lastKnownFileType = sourcecode.c.objc; path = SBJsonStreamParser.m; sourceTree = "<group>"; };
		63DFB27117761DD200E311BD /* SBJsonStreamParserAccumulator.h */ = {isa = PBXFileReference; fileEncoding = 4; lastKnownFileType = sourcecode.c.h; path = SBJsonStreamParserAccumulator.h; sourceTree = "<group>"; };
		63DFB27217761DD200E311BD /* SBJsonStreamParserAccumulator.m */ = {isa = PBXFileReference; fileEncoding = 4; lastKnownFileType = sourcecode.c.objc; path = SBJsonStreamParserAccumulator.m; sourceTree = "<group>"; };
		63DFB27317761DD200E311BD /* SBJsonStreamParserAdapter.h */ = {isa = PBXFileReference; fileEncoding = 4; lastKnownFileType = sourcecode.c.h; path = SBJsonStreamParserAdapter.h; sourceTree = "<group>"; };
		63DFB27417761DD200E311BD /* SBJsonStreamParserAdapter.m */ = {isa = PBXFileReference; fileEncoding = 4; lastKnownFileType = sourcecode.c.objc; path = SBJsonStreamParserAdapter.m; sourceTree = "<group>"; };
		63DFB27517761DD200E311BD /* SBJsonStreamParserState.h */ = {isa = PBXFileReference; fileEncoding = 4; lastKnownFileType = sourcecode.c.h; path = SBJsonStreamParserState.h; sourceTree = "<group>"; };
		63DFB27617761DD200E311BD /* SBJsonStreamParserState.m */ = {isa = PBXFileReference; fileEncoding = 4; lastKnownFileType = sourcecode.c.objc; path = SBJsonStreamParserState.m; sourceTree = "<group>"; };
		63DFB27717761DD200E311BD /* SBJsonStreamWriter.h */ = {isa = PBXFileReference; fileEncoding = 4; lastKnownFileType = sourcecode.c.h; path = SBJsonStreamWriter.h; sourceTree = "<group>"; };
		63DFB27817761DD200E311BD /* SBJsonStreamWriter.m */ = {isa = PBXFileReference; fileEncoding = 4; lastKnownFileType = sourcecode.c.objc; path = SBJsonStreamWriter.m; sourceTree = "<group>"; };
		63DFB27917761DD200E311BD /* SBJsonStreamWriterAccumulator.h */ = {isa = PBXFileReference; fileEncoding = 4; lastKnownFileType = sourcecode.c.h; path = SBJsonStreamWriterAccumulator.h; sourceTree = "<group>"; };
		63DFB27A17761DD200E311BD /* SBJsonStreamWriterAccumulator.m */ = {isa = PBXFileReference; fileEncoding = 4; lastKnownFileType = sourcecode.c.objc; path = SBJsonStreamWriterAccumulator.m; sourceTree = "<group>"; };
		63DFB27B17761DD200E311BD /* SBJsonStreamWriterState.h */ = {isa = PBXFileReference; fileEncoding = 4; lastKnownFileType = sourcecode.c.h; path = SBJsonStreamWriterState.h; sourceTree = "<group>"; };
		63DFB27C17761DD200E311BD /* SBJsonStreamWriterState.m */ = {isa = PBXFileReference; fileEncoding = 4; lastKnownFileType = sourcecode.c.objc; path = SBJsonStreamWriterState.m; sourceTree = "<group>"; };
		63DFB27D17761DD200E311BD /* SBJsonTokeniser.h */ = {isa = PBXFileReference; fileEncoding = 4; lastKnownFileType = sourcecode.c.h; path = SBJsonTokeniser.h; sourceTree = "<group>"; };
		63DFB27E17761DD200E311BD /* SBJsonTokeniser.m */ = {isa = PBXFileReference; fileEncoding = 4; lastKnownFileType = sourcecode.c.objc; path = SBJsonTokeniser.m; sourceTree = "<group>"; };
		63DFB27F17761DD200E311BD /* SBJsonUTF8Stream.h */ = {isa = PBXFileReference; fileEncoding = 4; lastKnownFileType = sourcecode.c.h; path = SBJsonUTF8Stream.h; sourceTree = "<group>"; };
		63DFB28017761DD200E311BD /* SBJsonUTF8Stream.m */ = {isa = PBXFileReference; fileEncoding = 4; lastKnownFileType = sourcecode.c.objc; path = SBJsonUTF8Stream.m; sourceTree = "<group>"; };
		63DFB28117761DD200E311BD /* SBJsonWriter.h */ = {isa = PBXFileReference; fileEncoding = 4; lastKnownFileType = sourcecode.c.h; path = SBJsonWriter.h; sourceTree = "<group>"; };
		63DFB28217761DD200E311BD /* SBJsonWriter.m */ = {isa = PBXFileReference; fileEncoding = 4; lastKnownFileType = sourcecode.c.objc; path = SBJsonWriter.m; sourceTree = "<group>"; };
		63DFB28317761DD200E311BD /* UGActivity.h */ = {isa = PBXFileReference; fileEncoding = 4; lastKnownFileType = sourcecode.c.h; path = UGActivity.h; sourceTree = "<group>"; };
		63DFB28417761DD200E311BD /* UGActivity.m */ = {isa = PBXFileReference; fileEncoding = 4; lastKnownFileType = sourcecode.c.objc; path = UGActivity.m; sourceTree = "<group>"; };
		63DFB28517761DD200E311BD /* UGClient.h */ = {isa = PBXFileReference; fileEncoding = 4; lastKnownFileType = sourcecode.c.h; path = UGClient.h; sourceTree = "<group>"; };
		63DFB28617761DD200E311BD /* UGClient.m */ = {isa = PBXFileReference; fileEncoding = 4; lastKnownFileType = sourcecode.c.objc; path = UGClient.m; sourceTree = "<group>"; };
		63DFB28717761DD200E311BD /* UGClientDelegate.h */ = {isa = PBXFileReference; fileEncoding = 4; lastKnownFileType = sourcecode.c.h; path = UGClientDelegate.h; sourceTree = "<group>"; };
		63DFB28817761DD200E311BD /* UGClientResponse.h */ = {isa = PBXFileReference; fileEncoding = 4; lastKnownFileType = sourcecode.c.h; path = UGClientResponse.h; sourceTree = "<group>"; };
		63DFB28917761DD200E311BD /* UGClientResponse.m */ = {isa = PBXFileReference; fileEncoding = 4; lastKnownFileType = sourcecode.c.objc; path = UGClientResponse.m; sourceTree = "<group>"; };
		63DFB28A17761DD200E311BD /* UGHTTPManager.h */ = {isa = PBXFileReference; fileEncoding = 4; lastKnownFileType = sourcecode.c.h; path = UGHTTPManager.h; sourceTree = "<group>"; };
		63DFB28B17761DD200E311BD /* UGHTTPManager.m */ = {isa = PBXFileReference; fileEncoding = 4; lastKnownFileType = sourcecode.c.objc; path = UGHTTPManager.m; sourceTree = "<group>"; };
		63DFB28C17761DD200E311BD /* UGMultiStepAction.h */ = {isa = PBXFileReference; fileEncoding = 4; lastKnownFileType = sourcecode.c.h; path = UGMultiStepAction.h; sourceTree = "<group>"; };
		63DFB28D17761DD200E311BD /* UGMultiStepAction.m */ = {isa = PBXFileReference; fileEncoding = 4; lastKnownFileType = sourcecode.c.objc; path = UGMultiStepAction.m; sourceTree = "<group>"; };
		63DFB28E17761DD200E311BD /* UGQuery.h */ = {isa = PBXFileReference; fileEncoding = 4; lastKnownFileType = sourcecode.c.h; path = UGQuery.h; sourceTree = "<group>"; };
		63DFB28F17761DD200E311BD /* UGQuery.m */ = {isa = PBXFileReference; fileEncoding = 4; lastKnownFileType = sourcecode.c.objc; path = UGQuery.m; sourceTree = "<group>"; };
		63DFB29017761DD200E311BD /* UGUser.h */ = {isa = PBXFileReference; fileEncoding = 4; lastKnownFileType = sourcecode.c.h; path = UGUser.h; sourceTree = "<group>"; };
		63DFB29117761DD200E311BD /* UGUser.m */ = {isa = PBXFileReference; fileEncoding = 4; lastKnownFileType = sourcecode.c.objc; path = UGUser.m; sourceTree = "<group>"; };
		63DFB29317761DD200E311BD /* UGConnection.h */ = {isa = PBXFileReference; fileEncoding = 4; lastKnownFileType = sourcecode.c.h; path = UGConnection.h; sourceTree = "<group>"; };
		63DFB29417761DD200E311BD /* UGConnection.m */ = {isa = PBXFileReference; fileEncoding = 4; lastKnownFileType = sourcecode.c.objc; path = UGConnection.m; sourceTree = "<group>"; };
		63DFB29517761DD200E311BD /* UGHTTPClient.h */ = {isa = PBXFileReference; fileEncoding = 4; lastKnownFileType = sourcecode.c.h; path = UGHTTPClient.h; sourceTree = "<group>"; };
		63DFB29617761DD200E311BD /* UGHTTPClient.m */ = {isa = PBXFileReference; fileEncoding = 4; lastKnownFileType = sourcecode.c.objc; path = UGHTTPClient.m; sourceTree = "<group>"; };
		63DFB29717761DD200E311BD /* UGHTTPHelpers.h */ = {isa = PBXFileReference; fileEncoding = 4; lastKnownFileType = sourcecode.c.h; path = UGHTTPHelpers.h; sourceTree = "<group>"; };
		63DFB29817761DD200E311BD /* UGHTTPHelpers.m */ = {isa = PBXFileReference; fileEncoding = 4; lastKnownFileType = sourcecode.c.objc; path = UGHTTPHelpers.m; sourceTree = "<group>"; };
		63DFB29917761DD200E311BD /* UGHTTPResult.h */ = {isa = PBXFileReference; fileEncoding = 4; lastKnownFileType = sourcecode.c.h; path = UGHTTPResult.h; sourceTree = "<group>"; };
		63DFB29A17761DD200E311BD /* UGHTTPResult.m */ = {isa = PBXFileReference; fileEncoding = 4; lastKnownFileType = sourcecode.c.objc; path = UGHTTPResult.m; sourceTree = "<group>"; };
		63DFB2B517762A5400E311BD /* MSDLoginViewController.h */ = {isa = PBXFileReference; fileEncoding = 4; lastKnownFileType = sourcecode.c.h; path = MSDLoginViewController.h; sourceTree = "<group>"; };
		63DFB2B617762A5400E311BD /* MSDLoginViewController.m */ = {isa = PBXFileReference; fileEncoding = 4; lastKnownFileType = sourcecode.c.objc; path = MSDLoginViewController.m; sourceTree = "<group>"; };
		63DFB2B817762A6200E311BD /* MSDSignUpViewController.h */ = {isa = PBXFileReference; fileEncoding = 4; lastKnownFileType = sourcecode.c.h; path = MSDSignUpViewController.h; sourceTree = "<group>"; };
		63DFB2B917762A6200E311BD /* MSDSignUpViewController.m */ = {isa = PBXFileReference; fileEncoding = 4; lastKnownFileType = sourcecode.c.objc; path = MSDSignUpViewController.m; sourceTree = "<group>"; };
/* End PBXFileReference section */

/* Begin PBXFrameworksBuildPhase section */
		631B28E217761BA2007ED537 /* Frameworks */ = {
			isa = PBXFrameworksBuildPhase;
			buildActionMask = 2147483647;
			files = (
				631B28E917761BA2007ED537 /* UIKit.framework in Frameworks */,
				631B28EB17761BA2007ED537 /* Foundation.framework in Frameworks */,
				631B28ED17761BA2007ED537 /* CoreGraphics.framework in Frameworks */,
			);
			runOnlyForDeploymentPostprocessing = 0;
		};
		631B291517761BA2007ED537 /* Frameworks */ = {
			isa = PBXFrameworksBuildPhase;
			buildActionMask = 2147483647;
			files = (
				631B291B17761BA2007ED537 /* SenTestingKit.framework in Frameworks */,
				631B291C17761BA2007ED537 /* UIKit.framework in Frameworks */,
				631B291D17761BA2007ED537 /* Foundation.framework in Frameworks */,
			);
			runOnlyForDeploymentPostprocessing = 0;
		};
/* End PBXFrameworksBuildPhase section */

/* Begin PBXGroup section */
		631B28DC17761BA2007ED537 = {
			isa = PBXGroup;
			children = (
				631B28EE17761BA2007ED537 /* Goalsetter */,
				631B292017761BA2007ED537 /* GoalsetterTests */,
				631B28E717761BA2007ED537 /* Frameworks */,
				631B28E617761BA2007ED537 /* Products */,
			);
			sourceTree = "<group>";
		};
		631B28E617761BA2007ED537 /* Products */ = {
			isa = PBXGroup;
			children = (
				631B28E517761BA2007ED537 /* Goalsetter.app */,
				631B291917761BA2007ED537 /* GoalsetterTests.octest */,
			);
			name = Products;
			sourceTree = "<group>";
		};
		631B28E717761BA2007ED537 /* Frameworks */ = {
			isa = PBXGroup;
			children = (
				631B28E817761BA2007ED537 /* UIKit.framework */,
				631B28EA17761BA2007ED537 /* Foundation.framework */,
				631B28EC17761BA2007ED537 /* CoreGraphics.framework */,
				631B291A17761BA2007ED537 /* SenTestingKit.framework */,
			);
			name = Frameworks;
			sourceTree = "<group>";
		};
		631B28EE17761BA2007ED537 /* Goalsetter */ = {
			isa = PBXGroup;
			children = (
				63DFB26817761DD200E311BD /* UGAPI */,
				631B28F717761BA2007ED537 /* MSDAppDelegate.h */,
				631B28F817761BA2007ED537 /* MSDAppDelegate.m */,
				631B290017761BA2007ED537 /* MainStoryboard_iPhone.storyboard */,
				631B290317761BA2007ED537 /* MainStoryboard_iPad.storyboard */,
				631B290917761BA2007ED537 /* first.png */,
				631B290B17761BA2007ED537 /* first@2x.png */,
				631B290D17761BA2007ED537 /* MSDSecondViewController.h */,
				631B290E17761BA2007ED537 /* MSDSecondViewController.m */,
				631B291017761BA2007ED537 /* second.png */,
				631B291217761BA2007ED537 /* second@2x.png */,
				631B28EF17761BA2007ED537 /* Supporting Files */,
				63DFB2B517762A5400E311BD /* MSDLoginViewController.h */,
				63DFB2B617762A5400E311BD /* MSDLoginViewController.m */,
				63DFB2B817762A6200E311BD /* MSDSignUpViewController.h */,
				63DFB2B917762A6200E311BD /* MSDSignUpViewController.m */,
				63896A8D177925A80031439B /* MSDGoalsViewController.h */,
				63896A8E177925A80031439B /* MSDGoalsViewController.m */,
			);
			path = Goalsetter;
			sourceTree = "<group>";
		};
		631B28EF17761BA2007ED537 /* Supporting Files */ = {
			isa = PBXGroup;
			children = (
				631B28F017761BA2007ED537 /* Goalsetter-Info.plist */,
				631B28F117761BA2007ED537 /* InfoPlist.strings */,
				631B28F417761BA2007ED537 /* main.m */,
				631B28F617761BA2007ED537 /* Goalsetter-Prefix.pch */,
				631B28FA17761BA2007ED537 /* Default.png */,
				631B28FC17761BA2007ED537 /* Default@2x.png */,
				631B28FE17761BA2007ED537 /* Default-568h@2x.png */,
			);
			name = "Supporting Files";
			sourceTree = "<group>";
		};
		631B292017761BA2007ED537 /* GoalsetterTests */ = {
			isa = PBXGroup;
			children = (
				631B292617761BA2007ED537 /* GoalsetterTests.h */,
				631B292717761BA2007ED537 /* GoalsetterTests.m */,
				631B292117761BA2007ED537 /* Supporting Files */,
			);
			path = GoalsetterTests;
			sourceTree = "<group>";
		};
		631B292117761BA2007ED537 /* Supporting Files */ = {
			isa = PBXGroup;
			children = (
				631B292217761BA2007ED537 /* GoalsetterTests-Info.plist */,
				631B292317761BA2007ED537 /* InfoPlist.strings */,
			);
			name = "Supporting Files";
			sourceTree = "<group>";
		};
		63DFB26817761DD200E311BD /* UGAPI */ = {
			isa = PBXGroup;
			children = (
				63DFB26917761DD200E311BD /* SBJson */,
				63DFB28317761DD200E311BD /* UGActivity.h */,
				63DFB28417761DD200E311BD /* UGActivity.m */,
				63DFB28517761DD200E311BD /* UGClient.h */,
				63DFB28617761DD200E311BD /* UGClient.m */,
				63DFB28717761DD200E311BD /* UGClientDelegate.h */,
				63DFB28817761DD200E311BD /* UGClientResponse.h */,
				63DFB28917761DD200E311BD /* UGClientResponse.m */,
				63DFB28A17761DD200E311BD /* UGHTTPManager.h */,
				63DFB28B17761DD200E311BD /* UGHTTPManager.m */,
				63DFB28C17761DD200E311BD /* UGMultiStepAction.h */,
				63DFB28D17761DD200E311BD /* UGMultiStepAction.m */,
				63DFB28E17761DD200E311BD /* UGQuery.h */,
				63DFB28F17761DD200E311BD /* UGQuery.m */,
				63DFB29017761DD200E311BD /* UGUser.h */,
				63DFB29117761DD200E311BD /* UGUser.m */,
				63DFB29217761DD200E311BD /* v2 */,
			);
			path = UGAPI;
			sourceTree = "<group>";
		};
		63DFB26917761DD200E311BD /* SBJson */ = {
			isa = PBXGroup;
			children = (
				63DFB26A17761DD200E311BD /* NSObject+SBJson.h */,
				63DFB26B17761DD200E311BD /* NSObject+SBJson.m */,
				63DFB26C17761DD200E311BD /* SBJson.h */,
				63DFB26D17761DD200E311BD /* SBJsonParser.h */,
				63DFB26E17761DD200E311BD /* SBJsonParser.m */,
				63DFB26F17761DD200E311BD /* SBJsonStreamParser.h */,
				63DFB27017761DD200E311BD /* SBJsonStreamParser.m */,
				63DFB27117761DD200E311BD /* SBJsonStreamParserAccumulator.h */,
				63DFB27217761DD200E311BD /* SBJsonStreamParserAccumulator.m */,
				63DFB27317761DD200E311BD /* SBJsonStreamParserAdapter.h */,
				63DFB27417761DD200E311BD /* SBJsonStreamParserAdapter.m */,
				63DFB27517761DD200E311BD /* SBJsonStreamParserState.h */,
				63DFB27617761DD200E311BD /* SBJsonStreamParserState.m */,
				63DFB27717761DD200E311BD /* SBJsonStreamWriter.h */,
				63DFB27817761DD200E311BD /* SBJsonStreamWriter.m */,
				63DFB27917761DD200E311BD /* SBJsonStreamWriterAccumulator.h */,
				63DFB27A17761DD200E311BD /* SBJsonStreamWriterAccumulator.m */,
				63DFB27B17761DD200E311BD /* SBJsonStreamWriterState.h */,
				63DFB27C17761DD200E311BD /* SBJsonStreamWriterState.m */,
				63DFB27D17761DD200E311BD /* SBJsonTokeniser.h */,
				63DFB27E17761DD200E311BD /* SBJsonTokeniser.m */,
				63DFB27F17761DD200E311BD /* SBJsonUTF8Stream.h */,
				63DFB28017761DD200E311BD /* SBJsonUTF8Stream.m */,
				63DFB28117761DD200E311BD /* SBJsonWriter.h */,
				63DFB28217761DD200E311BD /* SBJsonWriter.m */,
			);
			path = SBJson;
			sourceTree = "<group>";
		};
		63DFB29217761DD200E311BD /* v2 */ = {
			isa = PBXGroup;
			children = (
				63DFB29317761DD200E311BD /* UGConnection.h */,
				63DFB29417761DD200E311BD /* UGConnection.m */,
				63DFB29517761DD200E311BD /* UGHTTPClient.h */,
				63DFB29617761DD200E311BD /* UGHTTPClient.m */,
				63DFB29717761DD200E311BD /* UGHTTPHelpers.h */,
				63DFB29817761DD200E311BD /* UGHTTPHelpers.m */,
				63DFB29917761DD200E311BD /* UGHTTPResult.h */,
				63DFB29A17761DD200E311BD /* UGHTTPResult.m */,
			);
			path = v2;
			sourceTree = "<group>";
		};
/* End PBXGroup section */

/* Begin PBXNativeTarget section */
		631B28E417761BA2007ED537 /* Goalsetter */ = {
			isa = PBXNativeTarget;
			buildConfigurationList = 631B292B17761BA2007ED537 /* Build configuration list for PBXNativeTarget "Goalsetter" */;
			buildPhases = (
				631B28E117761BA2007ED537 /* Sources */,
				631B28E217761BA2007ED537 /* Frameworks */,
				631B28E317761BA2007ED537 /* Resources */,
			);
			buildRules = (
			);
			dependencies = (
			);
			name = Goalsetter;
			productName = Goalsetter;
			productReference = 631B28E517761BA2007ED537 /* Goalsetter.app */;
			productType = "com.apple.product-type.application";
		};
		631B291817761BA2007ED537 /* GoalsetterTests */ = {
			isa = PBXNativeTarget;
			buildConfigurationList = 631B292E17761BA2007ED537 /* Build configuration list for PBXNativeTarget "GoalsetterTests" */;
			buildPhases = (
				631B291417761BA2007ED537 /* Sources */,
				631B291517761BA2007ED537 /* Frameworks */,
				631B291617761BA2007ED537 /* Resources */,
				631B291717761BA2007ED537 /* ShellScript */,
			);
			buildRules = (
			);
			dependencies = (
				631B291F17761BA2007ED537 /* PBXTargetDependency */,
			);
			name = GoalsetterTests;
			productName = GoalsetterTests;
			productReference = 631B291917761BA2007ED537 /* GoalsetterTests.octest */;
			productType = "com.apple.product-type.bundle";
		};
/* End PBXNativeTarget section */

/* Begin PBXProject section */
		631B28DD17761BA2007ED537 /* Project object */ = {
			isa = PBXProject;
			attributes = {
				CLASSPREFIX = MSD;
				LastUpgradeCheck = 0460;
				ORGANIZATIONNAME = "Matthew Dobson";
			};
			buildConfigurationList = 631B28E017761BA2007ED537 /* Build configuration list for PBXProject "Goalsetter" */;
			compatibilityVersion = "Xcode 3.2";
			developmentRegion = English;
			hasScannedForEncodings = 0;
			knownRegions = (
				en,
			);
			mainGroup = 631B28DC17761BA2007ED537;
			productRefGroup = 631B28E617761BA2007ED537 /* Products */;
			projectDirPath = "";
			projectRoot = "";
			targets = (
				631B28E417761BA2007ED537 /* Goalsetter */,
				631B291817761BA2007ED537 /* GoalsetterTests */,
			);
		};
/* End PBXProject section */

/* Begin PBXResourcesBuildPhase section */
		631B28E317761BA2007ED537 /* Resources */ = {
			isa = PBXResourcesBuildPhase;
			buildActionMask = 2147483647;
			files = (
				631B28F317761BA2007ED537 /* InfoPlist.strings in Resources */,
				631B28FB17761BA2007ED537 /* Default.png in Resources */,
				631B28FD17761BA2007ED537 /* Default@2x.png in Resources */,
				631B28FF17761BA2007ED537 /* Default-568h@2x.png in Resources */,
				631B290217761BA2007ED537 /* MainStoryboard_iPhone.storyboard in Resources */,
				631B290517761BA2007ED537 /* MainStoryboard_iPad.storyboard in Resources */,
				631B290A17761BA2007ED537 /* first.png in Resources */,
				631B290C17761BA2007ED537 /* first@2x.png in Resources */,
				631B291117761BA2007ED537 /* second.png in Resources */,
				631B291317761BA2007ED537 /* second@2x.png in Resources */,
			);
			runOnlyForDeploymentPostprocessing = 0;
		};
		631B291617761BA2007ED537 /* Resources */ = {
			isa = PBXResourcesBuildPhase;
			buildActionMask = 2147483647;
			files = (
				631B292517761BA2007ED537 /* InfoPlist.strings in Resources */,
			);
			runOnlyForDeploymentPostprocessing = 0;
		};
/* End PBXResourcesBuildPhase section */

/* Begin PBXShellScriptBuildPhase section */
		631B291717761BA2007ED537 /* ShellScript */ = {
			isa = PBXShellScriptBuildPhase;
			buildActionMask = 2147483647;
			files = (
			);
			inputPaths = (
			);
			outputPaths = (
			);
			runOnlyForDeploymentPostprocessing = 0;
			shellPath = /bin/sh;
			shellScript = "# Run the unit tests in this test bundle.\n\"${SYSTEM_DEVELOPER_DIR}/Tools/RunUnitTests\"\n";
		};
/* End PBXShellScriptBuildPhase section */

/* Begin PBXSourcesBuildPhase section */
		631B28E117761BA2007ED537 /* Sources */ = {
			isa = PBXSourcesBuildPhase;
			buildActionMask = 2147483647;
			files = (
				631B28F517761BA2007ED537 /* main.m in Sources */,
				631B28F917761BA2007ED537 /* MSDAppDelegate.m in Sources */,
				631B290F17761BA2007ED537 /* MSDSecondViewController.m in Sources */,
				63DFB29B17761DD200E311BD /* NSObject+SBJson.m in Sources */,
				63DFB29C17761DD200E311BD /* SBJsonParser.m in Sources */,
				63DFB29D17761DD200E311BD /* SBJsonStreamParser.m in Sources */,
				63DFB29E17761DD200E311BD /* SBJsonStreamParserAccumulator.m in Sources */,
				63DFB29F17761DD200E311BD /* SBJsonStreamParserAdapter.m in Sources */,
				63DFB2A017761DD200E311BD /* SBJsonStreamParserState.m in Sources */,
				63DFB2A117761DD200E311BD /* SBJsonStreamWriter.m in Sources */,
				63DFB2A217761DD200E311BD /* SBJsonStreamWriterAccumulator.m in Sources */,
				63DFB2A317761DD200E311BD /* SBJsonStreamWriterState.m in Sources */,
				63DFB2A417761DD200E311BD /* SBJsonTokeniser.m in Sources */,
				63DFB2A517761DD200E311BD /* SBJsonUTF8Stream.m in Sources */,
				63DFB2A617761DD200E311BD /* SBJsonWriter.m in Sources */,
				63DFB2A717761DD200E311BD /* UGActivity.m in Sources */,
				63DFB2A817761DD200E311BD /* UGClient.m in Sources */,
				63DFB2A917761DD200E311BD /* UGClientResponse.m in Sources */,
				63DFB2AA17761DD200E311BD /* UGHTTPManager.m in Sources */,
				63DFB2AB17761DD200E311BD /* UGMultiStepAction.m in Sources */,
				63DFB2AC17761DD200E311BD /* UGQuery.m in Sources */,
				63DFB2AD17761DD200E311BD /* UGUser.m in Sources */,
				63DFB2AE17761DD200E311BD /* UGConnection.m in Sources */,
				63DFB2AF17761DD200E311BD /* UGHTTPClient.m in Sources */,
				63DFB2B017761DD200E311BD /* UGHTTPHelpers.m in Sources */,
				63DFB2B117761DD200E311BD /* UGHTTPResult.m in Sources */,
				63DFB2B717762A5400E311BD /* MSDLoginViewController.m in Sources */,
				63DFB2BA17762A6200E311BD /* MSDSignUpViewController.m in Sources */,
				63896A8F177925A80031439B /* MSDGoalsViewController.m in Sources */,
			);
			runOnlyForDeploymentPostprocessing = 0;
		};
		631B291417761BA2007ED537 /* Sources */ = {
			isa = PBXSourcesBuildPhase;
			buildActionMask = 2147483647;
			files = (
				631B292817761BA2007ED537 /* GoalsetterTests.m in Sources */,
			);
			runOnlyForDeploymentPostprocessing = 0;
		};
/* End PBXSourcesBuildPhase section */

/* Begin PBXTargetDependency section */
		631B291F17761BA2007ED537 /* PBXTargetDependency */ = {
			isa = PBXTargetDependency;
			target = 631B28E417761BA2007ED537 /* Goalsetter */;
			targetProxy = 631B291E17761BA2007ED537 /* PBXContainerItemProxy */;
		};
/* End PBXTargetDependency section */

/* Begin PBXVariantGroup section */
		631B28F117761BA2007ED537 /* InfoPlist.strings */ = {
			isa = PBXVariantGroup;
			children = (
				631B28F217761BA2007ED537 /* en */,
			);
			name = InfoPlist.strings;
			sourceTree = "<group>";
		};
		631B290017761BA2007ED537 /* MainStoryboard_iPhone.storyboard */ = {
			isa = PBXVariantGroup;
			children = (
				631B290117761BA2007ED537 /* en */,
			);
			name = MainStoryboard_iPhone.storyboard;
			sourceTree = "<group>";
		};
		631B290317761BA2007ED537 /* MainStoryboard_iPad.storyboard */ = {
			isa = PBXVariantGroup;
			children = (
				631B290417761BA2007ED537 /* en */,
			);
			name = MainStoryboard_iPad.storyboard;
			sourceTree = "<group>";
		};
		631B292317761BA2007ED537 /* InfoPlist.strings */ = {
			isa = PBXVariantGroup;
			children = (
				631B292417761BA2007ED537 /* en */,
			);
			name = InfoPlist.strings;
			sourceTree = "<group>";
		};
/* End PBXVariantGroup section */

/* Begin XCBuildConfiguration section */
		631B292917761BA2007ED537 /* Debug */ = {
			isa = XCBuildConfiguration;
			buildSettings = {
				ALWAYS_SEARCH_USER_PATHS = NO;
				CLANG_CXX_LANGUAGE_STANDARD = "gnu++0x";
				CLANG_CXX_LIBRARY = "libc++";
				CLANG_ENABLE_OBJC_ARC = YES;
				CLANG_WARN_CONSTANT_CONVERSION = YES;
				CLANG_WARN_EMPTY_BODY = YES;
				CLANG_WARN_ENUM_CONVERSION = YES;
				CLANG_WARN_INT_CONVERSION = YES;
				CLANG_WARN__DUPLICATE_METHOD_MATCH = YES;
				"CODE_SIGN_IDENTITY[sdk=iphoneos*]" = "iPhone Developer";
				COPY_PHASE_STRIP = NO;
				GCC_C_LANGUAGE_STANDARD = gnu99;
				GCC_DYNAMIC_NO_PIC = NO;
				GCC_OPTIMIZATION_LEVEL = 0;
				GCC_PREPROCESSOR_DEFINITIONS = (
					"DEBUG=1",
					"$(inherited)",
				);
				GCC_SYMBOLS_PRIVATE_EXTERN = NO;
				GCC_WARN_ABOUT_RETURN_TYPE = YES;
				GCC_WARN_UNINITIALIZED_AUTOS = YES;
				GCC_WARN_UNUSED_VARIABLE = YES;
				IPHONEOS_DEPLOYMENT_TARGET = 6.1;
				ONLY_ACTIVE_ARCH = YES;
				SDKROOT = iphoneos;
				TARGETED_DEVICE_FAMILY = "1,2";
			};
			name = Debug;
		};
		631B292A17761BA2007ED537 /* Release */ = {
			isa = XCBuildConfiguration;
			buildSettings = {
				ALWAYS_SEARCH_USER_PATHS = NO;
				CLANG_CXX_LANGUAGE_STANDARD = "gnu++0x";
				CLANG_CXX_LIBRARY = "libc++";
				CLANG_ENABLE_OBJC_ARC = YES;
				CLANG_WARN_CONSTANT_CONVERSION = YES;
				CLANG_WARN_EMPTY_BODY = YES;
				CLANG_WARN_ENUM_CONVERSION = YES;
				CLANG_WARN_INT_CONVERSION = YES;
				CLANG_WARN__DUPLICATE_METHOD_MATCH = YES;
				"CODE_SIGN_IDENTITY[sdk=iphoneos*]" = "iPhone Developer";
				COPY_PHASE_STRIP = YES;
				GCC_C_LANGUAGE_STANDARD = gnu99;
				GCC_WARN_ABOUT_RETURN_TYPE = YES;
				GCC_WARN_UNINITIALIZED_AUTOS = YES;
				GCC_WARN_UNUSED_VARIABLE = YES;
				IPHONEOS_DEPLOYMENT_TARGET = 6.1;
				OTHER_CFLAGS = "-DNS_BLOCK_ASSERTIONS=1";
				SDKROOT = iphoneos;
				TARGETED_DEVICE_FAMILY = "1,2";
				VALIDATE_PRODUCT = YES;
			};
			name = Release;
		};
		631B292C17761BA2007ED537 /* Debug */ = {
			isa = XCBuildConfiguration;
			buildSettings = {
				GCC_PRECOMPILE_PREFIX_HEADER = YES;
				GCC_PREFIX_HEADER = "Goalsetter/Goalsetter-Prefix.pch";
				INFOPLIST_FILE = "Goalsetter/Goalsetter-Info.plist";
				PRODUCT_NAME = "$(TARGET_NAME)";
				WRAPPER_EXTENSION = app;
			};
			name = Debug;
		};
		631B292D17761BA2007ED537 /* Release */ = {
			isa = XCBuildConfiguration;
			buildSettings = {
				GCC_PRECOMPILE_PREFIX_HEADER = YES;
				GCC_PREFIX_HEADER = "Goalsetter/Goalsetter-Prefix.pch";
				INFOPLIST_FILE = "Goalsetter/Goalsetter-Info.plist";
				PRODUCT_NAME = "$(TARGET_NAME)";
				WRAPPER_EXTENSION = app;
			};
			name = Release;
		};
		631B292F17761BA2007ED537 /* Debug */ = {
			isa = XCBuildConfiguration;
			buildSettings = {
				BUNDLE_LOADER = "$(BUILT_PRODUCTS_DIR)/Goalsetter.app/Goalsetter";
				FRAMEWORK_SEARCH_PATHS = (
					"\"$(SDKROOT)/Developer/Library/Frameworks\"",
					"\"$(DEVELOPER_LIBRARY_DIR)/Frameworks\"",
				);
				GCC_PRECOMPILE_PREFIX_HEADER = YES;
				GCC_PREFIX_HEADER = "Goalsetter/Goalsetter-Prefix.pch";
				INFOPLIST_FILE = "GoalsetterTests/GoalsetterTests-Info.plist";
				PRODUCT_NAME = "$(TARGET_NAME)";
				TEST_HOST = "$(BUNDLE_LOADER)";
				WRAPPER_EXTENSION = octest;
			};
			name = Debug;
		};
		631B293017761BA2007ED537 /* Release */ = {
			isa = XCBuildConfiguration;
			buildSettings = {
				BUNDLE_LOADER = "$(BUILT_PRODUCTS_DIR)/Goalsetter.app/Goalsetter";
				FRAMEWORK_SEARCH_PATHS = (
					"\"$(SDKROOT)/Developer/Library/Frameworks\"",
					"\"$(DEVELOPER_LIBRARY_DIR)/Frameworks\"",
				);
				GCC_PRECOMPILE_PREFIX_HEADER = YES;
				GCC_PREFIX_HEADER = "Goalsetter/Goalsetter-Prefix.pch";
				INFOPLIST_FILE = "GoalsetterTests/GoalsetterTests-Info.plist";
				PRODUCT_NAME = "$(TARGET_NAME)";
				TEST_HOST = "$(BUNDLE_LOADER)";
				WRAPPER_EXTENSION = octest;
			};
			name = Release;
		};
/* End XCBuildConfiguration section */

/* Begin XCConfigurationList section */
		631B28E017761BA2007ED537 /* Build configuration list for PBXProject "Goalsetter" */ = {
			isa = XCConfigurationList;
			buildConfigurations = (
				631B292917761BA2007ED537 /* Debug */,
				631B292A17761BA2007ED537 /* Release */,
			);
			defaultConfigurationIsVisible = 0;
			defaultConfigurationName = Release;
		};
		631B292B17761BA2007ED537 /* Build configuration list for PBXNativeTarget "Goalsetter" */ = {
			isa = XCConfigurationList;
			buildConfigurations = (
				631B292C17761BA2007ED537 /* Debug */,
				631B292D17761BA2007ED537 /* Release */,
			);
			defaultConfigurationIsVisible = 0;
			defaultConfigurationName = Release;
		};
		631B292E17761BA2007ED537 /* Build configuration list for PBXNativeTarget "GoalsetterTests" */ = {
			isa = XCConfigurationList;
			buildConfigurations = (
				631B292F17761BA2007ED537 /* Debug */,
				631B293017761BA2007ED537 /* Release */,
			);
			defaultConfigurationIsVisible = 0;
			defaultConfigurationName = Release;
		};
/* End XCConfigurationList section */
	};
	rootObject = 631B28DD17761BA2007ED537 /* Project object */;
}
